<?xml version="1.0" encoding="utf-8"?>
<Project ToolsVersion="15.0" xmlns="http://schemas.microsoft.com/developer/msbuild/2003">
  <ItemGroup>
    <CustomBuild Include="D:\VTK\VTKExamples\CC\OpenVR\Dragon-build\CMakeFiles\dc48fd4f27636e58773b990cb0e8e2e6\generate.stamp.rule">
      <Filter>CMake Rules</Filter>
    </CustomBuild>
  </ItemGroup>
  <ItemGroup>
    <Filter Include="CMake Rules">
      <UniqueIdentifier>{A57B7F37-1FEA-3A1B-BE74-5B8D5CF787F5}</UniqueIdentifier>
    </Filter>
  </ItemGroup>
</Project>
