<?xml version="1.0" encoding="utf-8"?>
<Project ToolsVersion="15.0" xmlns="http://schemas.microsoft.com/developer/msbuild/2003">
  <ItemGroup>
    <CustomBuild Include="D:\VTK\VTKExamples\CC\OpenVR\Lox\LoxGridBUILD\CMakeFiles\94d6139409cedcd1473a62a78d777bb3\generate.stamp.rule">
      <Filter>CMake Rules</Filter>
    </CustomBuild>
  </ItemGroup>
  <ItemGroup>
    <Filter Include="CMake Rules">
      <UniqueIdentifier>{15993732-0257-3BFA-924C-32FCF532AAB9}</UniqueIdentifier>
    </Filter>
  </ItemGroup>
</Project>
