<?xml version="1.0" encoding="utf-8"?>
<Project ToolsVersion="15.0" xmlns="http://schemas.microsoft.com/developer/msbuild/2003">
  <ItemGroup>
    <ClCompile Include="D:\VTK\VTKExamples\CC\OpenVR\Office\Office.cxx">
      <Filter>Source Files</Filter>
    </ClCompile>
  </ItemGroup>
  <ItemGroup>
    <CustomBuild Include="D:\VTK\VTKExamples\CC\OpenVR\Office\CMakeLists.txt" />
  </ItemGroup>
  <ItemGroup>
    <Filter Include="Source Files">
      <UniqueIdentifier>{C40D1A40-7594-3856-9565-5B5870574B86}</UniqueIdentifier>
    </Filter>
  </ItemGroup>
</Project>
