<?xml version="1.0" encoding="utf-8"?>
<Project ToolsVersion="15.0" xmlns="http://schemas.microsoft.com/developer/msbuild/2003">
  <ItemGroup>
    <CustomBuild Include="D:\VTK\VTKExamples\CC\OpenVR\DragonBUILD\CMakeFiles\5df53783e209eff36396803a172c1371\generate.stamp.rule">
      <Filter>CMake Rules</Filter>
    </CustomBuild>
  </ItemGroup>
  <ItemGroup>
    <Filter Include="CMake Rules">
      <UniqueIdentifier>{145AECD1-1880-3A54-9515-4056DC5AE311}</UniqueIdentifier>
    </Filter>
  </ItemGroup>
</Project>
