<?xml version="1.0" encoding="utf-8"?>
<Project ToolsVersion="15.0" xmlns="http://schemas.microsoft.com/developer/msbuild/2003">
  <ItemGroup>
    <CustomBuild Include="D:\VTK\VTKExamples\CC\OpenVR\ReadPLYBUILD\CMakeFiles\7889119b4b80e1bf775d396c799301d3\generate.stamp.rule">
      <Filter>CMake Rules</Filter>
    </CustomBuild>
  </ItemGroup>
  <ItemGroup>
    <Filter Include="CMake Rules">
      <UniqueIdentifier>{54154DD8-81DF-3189-914B-590FB4DA63FE}</UniqueIdentifier>
    </Filter>
  </ItemGroup>
</Project>
