Microsoft Visual Studio Solution File, Format Version 12.00
# Visual Studio 15
Project("{8BC9CEB8-8B4A-11D0-8D11-00A0C91BC942}") = "ALL_BUILD", "ALL_BUILD.vcxproj", "{828A2CDB-C17B-30DD-92E5-06B1C8BF1FF7}"
	ProjectSection(ProjectDependencies) = postProject
		{2CF8E6D2-4940-3405-B00F-378D74F5C76D} = {2CF8E6D2-4940-3405-B00F-378D74F5C76D}
		{DCA98F0E-E28C-3AB2-9026-BB93D773EDD3} = {DCA98F0E-E28C-3AB2-9026-BB93D773EDD3}
	EndProjectSection
EndProject
Project("{8BC9CEB8-8B4A-11D0-8D11-00A0C91BC942}") = "Lorenz", "Lorenz.vcxproj", "{2CF8E6D2-4940-3405-B00F-378D74F5C76D}"
	ProjectSection(ProjectDependencies) = postProject
		{DCA98F0E-E28C-3AB2-9026-BB93D773EDD3} = {DCA98F0E-E28C-3AB2-9026-BB93D773EDD3}
	EndProjectSection
EndProject
Project("{8BC9CEB8-8B4A-11D0-8D11-00A0C91BC942}") = "ZERO_CHECK", "ZERO_CHECK.vcxproj", "{DCA98F0E-E28C-3AB2-9026-BB93D773EDD3}"
	ProjectSection(ProjectDependencies) = postProject
	EndProjectSection
EndProject
Global
	GlobalSection(SolutionConfigurationPlatforms) = preSolution
		Release|x64 = Release|x64
	EndGlobalSection
	GlobalSection(ProjectConfigurationPlatforms) = postSolution
		{828A2CDB-C17B-30DD-92E5-06B1C8BF1FF7}.Release|x64.ActiveCfg = Release|x64
		{2CF8E6D2-4940-3405-B00F-378D74F5C76D}.Release|x64.ActiveCfg = Release|x64
		{2CF8E6D2-4940-3405-B00F-378D74F5C76D}.Release|x64.Build.0 = Release|x64
		{DCA98F0E-E28C-3AB2-9026-BB93D773EDD3}.Release|x64.ActiveCfg = Release|x64
		{DCA98F0E-E28C-3AB2-9026-BB93D773EDD3}.Release|x64.Build.0 = Release|x64
	EndGlobalSection
	GlobalSection(ExtensibilityGlobals) = postSolution
		SolutionGuid = {78457DBA-165A-3373-A0C9-9F8F2C7BDF16}
	EndGlobalSection
	GlobalSection(ExtensibilityAddIns) = postSolution
	EndGlobalSection
EndGlobal
