<?xml version="1.0" encoding="utf-8"?>
<Project ToolsVersion="15.0" xmlns="http://schemas.microsoft.com/developer/msbuild/2003">
  <ItemGroup>
    <ClCompile Include="D:\VTK\VTKExamples\CC\OpenVR\BluntStreamlines\BluntStreamlines.cxx">
      <Filter>Source Files</Filter>
    </ClCompile>
  </ItemGroup>
  <ItemGroup>
    <CustomBuild Include="D:\VTK\VTKExamples\CC\OpenVR\BluntStreamlines\CMakeLists.txt" />
  </ItemGroup>
  <ItemGroup>
    <Filter Include="Source Files">
      <UniqueIdentifier>{E0C6D993-1765-333B-A94D-3892D52D3581}</UniqueIdentifier>
    </Filter>
  </ItemGroup>
</Project>
